
Microsoft Visual Studio Solution File, Format Version 12.00
# Visual Studio Version 17
VisualStudioVersion = 17.2.32616.157
MinimumVisualStudioVersion = 10.0.40219.1
Project("{FAE04EC0-301F-11D3-BF4B-00C04F79EFBC}") = "API1", "API1\API1.csproj", "{5D57263E-39D5-458A-8756-ED50B008A4A8}"
EndProject
Global
	GlobalSection(SolutionConfigurationPlatforms) = preSolution
		Debug|Any CPU = Debug|Any CPU
		Release|Any CPU = Release|Any CPU
	EndGlobalSection
	GlobalSection(ProjectConfigurationPlatforms) = postSolution
		{5D57263E-39D5-458A-8756-ED50B008A4A8}.Debug|Any CPU.ActiveCfg = Debug|Any CPU
		{5D57263E-39D5-458A-8756-ED50B008A4A8}.Debug|Any CPU.Build.0 = Debug|Any CPU
		{5D57263E-39D5-458A-8756-ED50B008A4A8}.Release|Any CPU.ActiveCfg = Release|Any CPU
		{5D57263E-39D5-458A-8756-ED50B008A4A8}.Release|Any CPU.Build.0 = Release|Any CPU
	EndGlobalSection
	GlobalSection(SolutionProperties) = preSolution
		HideSolutionNode = FALSE
	EndGlobalSection
	GlobalSection(ExtensibilityGlobals) = postSolution
		SolutionGuid = {CC98F0CD-6535-4B9B-AB62-75F01CDECE7F}
	EndGlobalSection
EndGlobal
